
Microsoft Visual Studio Solution File, Format Version 12.00
# Visual Studio Version 16
VisualStudioVersion = 16.0.31729.503
MinimumVisualStudioVersion = 10.0.40219.1
Project("{FAE04EC0-301F-11D3-BF4B-00C04F79EFBC}") = "StarTEDSolution", "StarTEDSolution\StarTEDSolution.csproj", "{A960DA03-79D1-421C-8FEB-A5B777D9CC20}"
EndProject
Project("{FAE04EC0-301F-11D3-BF4B-00C04F79EFBC}") = "StarTEDSystem", "StarTEDSystem\StarTEDSystem.csproj", "{54544F72-CD6C-4AC7-875A-430226386BD0}"
EndProject
Global
	GlobalSection(SolutionConfigurationPlatforms) = preSolution
		Debug|Any CPU = Debug|Any CPU
		Release|Any CPU = Release|Any CPU
	EndGlobalSection
	GlobalSection(ProjectConfigurationPlatforms) = postSolution
		{A960DA03-79D1-421C-8FEB-A5B777D9CC20}.Debug|Any CPU.ActiveCfg = Debug|Any CPU
		{A960DA03-79D1-421C-8FEB-A5B777D9CC20}.Debug|Any CPU.Build.0 = Debug|Any CPU
		{A960DA03-79D1-421C-8FEB-A5B777D9CC20}.Release|Any CPU.ActiveCfg = Release|Any CPU
		{A960DA03-79D1-421C-8FEB-A5B777D9CC20}.Release|Any CPU.Build.0 = Release|Any CPU
		{54544F72-CD6C-4AC7-875A-430226386BD0}.Debug|Any CPU.ActiveCfg = Debug|Any CPU
		{54544F72-CD6C-4AC7-875A-430226386BD0}.Debug|Any CPU.Build.0 = Debug|Any CPU
		{54544F72-CD6C-4AC7-875A-430226386BD0}.Release|Any CPU.ActiveCfg = Release|Any CPU
		{54544F72-CD6C-4AC7-875A-430226386BD0}.Release|Any CPU.Build.0 = Release|Any CPU
	EndGlobalSection
	GlobalSection(SolutionProperties) = preSolution
		HideSolutionNode = FALSE
	EndGlobalSection
	GlobalSection(ExtensibilityGlobals) = postSolution
		SolutionGuid = {55787E4A-1007-4EC3-B126-857E010ADEC8}
	EndGlobalSection
EndGlobal
